
Microsoft Visual Studio Solution File, Format Version 12.00
# Visual Studio Version 16
VisualStudioVersion = 16.0.31702.278
MinimumVisualStudioVersion = 10.0.40219.1
Project("{FAE04EC0-301F-11D3-BF4B-00C04F79EFBC}") = "ClientSide", "ClientSide\ClientSide.csproj", "{7FEB8142-60D9-427A-9689-45307175BE77}"
EndProject
Project("{FAE04EC0-301F-11D3-BF4B-00C04F79EFBC}") = "ServerSide", "ServerSide\ServerSide.csproj", "{21EF9D94-8622-45B8-ABDC-A7251B5C11BF}"
EndProject
Global
	GlobalSection(SolutionConfigurationPlatforms) = preSolution
		Debug|Any CPU = Debug|Any CPU
		Release|Any CPU = Release|Any CPU
	EndGlobalSection
	GlobalSection(ProjectConfigurationPlatforms) = postSolution
		{7FEB8142-60D9-427A-9689-45307175BE77}.Debug|Any CPU.ActiveCfg = Debug|Any CPU
		{7FEB8142-60D9-427A-9689-45307175BE77}.Debug|Any CPU.Build.0 = Debug|Any CPU
		{7FEB8142-60D9-427A-9689-45307175BE77}.Release|Any CPU.ActiveCfg = Release|Any CPU
		{7FEB8142-60D9-427A-9689-45307175BE77}.Release|Any CPU.Build.0 = Release|Any CPU
		{21EF9D94-8622-45B8-ABDC-A7251B5C11BF}.Debug|Any CPU.ActiveCfg = Debug|Any CPU
		{21EF9D94-8622-45B8-ABDC-A7251B5C11BF}.Debug|Any CPU.Build.0 = Debug|Any CPU
		{21EF9D94-8622-45B8-ABDC-A7251B5C11BF}.Release|Any CPU.ActiveCfg = Release|Any CPU
		{21EF9D94-8622-45B8-ABDC-A7251B5C11BF}.Release|Any CPU.Build.0 = Release|Any CPU
	EndGlobalSection
	GlobalSection(SolutionProperties) = preSolution
		HideSolutionNode = FALSE
	EndGlobalSection
	GlobalSection(ExtensibilityGlobals) = postSolution
		SolutionGuid = {E9DD844E-BC44-4F75-BFAB-CC57B8EB6869}
	EndGlobalSection
EndGlobal
